
Microsoft Visual Studio Solution File, Format Version 12.00
# Visual Studio Version 16
VisualStudioVersion = 16.0.31019.35
MinimumVisualStudioVersion = 10.0.40219.1
Project("{FAE04EC0-301F-11D3-BF4B-00C04F79EFBC}") = "Project01", "Project01\Project01.csproj", "{B953927D-B3B1-40DD-BEDB-80480FCC1FF7}"
EndProject
Project("{FAE04EC0-301F-11D3-BF4B-00C04F79EFBC}") = "Project02", "Project02\Project02.csproj", "{17D78ABE-C035-46A1-9CDF-A34791D96F58}"
EndProject
Project("{FAE04EC0-301F-11D3-BF4B-00C04F79EFBC}") = "Project03", "Project03\Project03.csproj", "{C73DDB27-0322-4B9C-AC3B-C5215402BBD1}"
EndProject
Project("{FAE04EC0-301F-11D3-BF4B-00C04F79EFBC}") = "Project04", "Project04\Project04.csproj", "{A4C6F7AF-09EB-4A60-AE0E-62DCBB1DB0D6}"
EndProject
Project("{FAE04EC0-301F-11D3-BF4B-00C04F79EFBC}") = "Project05", "Project05\Project05.csproj", "{3685C2B2-4845-4B6B-992C-3F561936960A}"
EndProject
Project("{FAE04EC0-301F-11D3-BF4B-00C04F79EFBC}") = "Project06", "Project06\Project06.csproj", "{CB3617CB-CD54-4345-972B-F8B960E46598}"
EndProject
Project("{FAE04EC0-301F-11D3-BF4B-00C04F79EFBC}") = "Project07", "Project07\Project07.csproj", "{F0156C25-0ABD-4D58-A3FB-4DAA51C02E95}"
EndProject
Project("{FAE04EC0-301F-11D3-BF4B-00C04F79EFBC}") = "Project08", "Project08\Project08.csproj", "{5D1E2E50-FF51-4253-9543-5010857BB70B}"
EndProject
Project("{FAE04EC0-301F-11D3-BF4B-00C04F79EFBC}") = "Project09", "Project09\Project09.csproj", "{F27A63D4-B875-41D1-A581-3C2AFBC612FE}"
EndProject
Project("{FAE04EC0-301F-11D3-BF4B-00C04F79EFBC}") = "Project10", "Project10\Project10.csproj", "{4DD168E3-B261-4B86-8241-72D6759E887F}"
EndProject
Project("{FAE04EC0-301F-11D3-BF4B-00C04F79EFBC}") = "Project11", "Project11\Project11.csproj", "{90FB09EC-2689-4EAD-B2DB-512786BA1D41}"
EndProject
Project("{FAE04EC0-301F-11D3-BF4B-00C04F79EFBC}") = "Project12", "Project12\Project12.csproj", "{B6B825FD-01D7-422C-972D-C2B317B9D660}"
EndProject
Project("{FAE04EC0-301F-11D3-BF4B-00C04F79EFBC}") = "Project13", "Project13\Project13.csproj", "{94AADD97-2590-4D3F-B017-C47323CE57F0}"
EndProject
Project("{FAE04EC0-301F-11D3-BF4B-00C04F79EFBC}") = "Project14", "Project14\Project14.csproj", "{CD14919A-5260-4110-8E96-144ED701DDE3}"
EndProject
Project("{FAE04EC0-301F-11D3-BF4B-00C04F79EFBC}") = "Project15", "Project15\Project15.csproj", "{CF1DDE6B-EA58-4F36-BE7A-D44F99B2C0BC}"
EndProject
Project("{FAE04EC0-301F-11D3-BF4B-00C04F79EFBC}") = "Project16", "Project16\Project16.csproj", "{BFF13B39-5F4B-46C1-9350-278F6C2469CB}"
EndProject
Project("{FAE04EC0-301F-11D3-BF4B-00C04F79EFBC}") = "Project17", "Project17\Project17.csproj", "{53970125-35C0-4C4D-8C20-E4881E290253}"
EndProject
Project("{FAE04EC0-301F-11D3-BF4B-00C04F79EFBC}") = "Project18", "Project18\Project18.csproj", "{EEFF4C73-F4CB-4FDD-8015-9A4C54ADDB97}"
EndProject
Project("{FAE04EC0-301F-11D3-BF4B-00C04F79EFBC}") = "Project19", "Project19\Project19.csproj", "{1A9C6FEE-466E-4156-9292-DE9D45414ADD}"
EndProject
Global
	GlobalSection(SolutionConfigurationPlatforms) = preSolution
		Debug|Any CPU = Debug|Any CPU
		Release|Any CPU = Release|Any CPU
	EndGlobalSection
	GlobalSection(ProjectConfigurationPlatforms) = postSolution
		{B953927D-B3B1-40DD-BEDB-80480FCC1FF7}.Debug|Any CPU.ActiveCfg = Debug|Any CPU
		{B953927D-B3B1-40DD-BEDB-80480FCC1FF7}.Debug|Any CPU.Build.0 = Debug|Any CPU
		{B953927D-B3B1-40DD-BEDB-80480FCC1FF7}.Release|Any CPU.ActiveCfg = Release|Any CPU
		{B953927D-B3B1-40DD-BEDB-80480FCC1FF7}.Release|Any CPU.Build.0 = Release|Any CPU
		{17D78ABE-C035-46A1-9CDF-A34791D96F58}.Debug|Any CPU.ActiveCfg = Debug|Any CPU
		{17D78ABE-C035-46A1-9CDF-A34791D96F58}.Debug|Any CPU.Build.0 = Debug|Any CPU
		{17D78ABE-C035-46A1-9CDF-A34791D96F58}.Release|Any CPU.ActiveCfg = Release|Any CPU
		{17D78ABE-C035-46A1-9CDF-A34791D96F58}.Release|Any CPU.Build.0 = Release|Any CPU
		{C73DDB27-0322-4B9C-AC3B-C5215402BBD1}.Debug|Any CPU.ActiveCfg = Debug|Any CPU
		{C73DDB27-0322-4B9C-AC3B-C5215402BBD1}.Debug|Any CPU.Build.0 = Debug|Any CPU
		{C73DDB27-0322-4B9C-AC3B-C5215402BBD1}.Release|Any CPU.ActiveCfg = Release|Any CPU
		{C73DDB27-0322-4B9C-AC3B-C5215402BBD1}.Release|Any CPU.Build.0 = Release|Any CPU
		{A4C6F7AF-09EB-4A60-AE0E-62DCBB1DB0D6}.Debug|Any CPU.ActiveCfg = Debug|Any CPU
		{A4C6F7AF-09EB-4A60-AE0E-62DCBB1DB0D6}.Debug|Any CPU.Build.0 = Debug|Any CPU
		{A4C6F7AF-09EB-4A60-AE0E-62DCBB1DB0D6}.Release|Any CPU.ActiveCfg = Release|Any CPU
		{A4C6F7AF-09EB-4A60-AE0E-62DCBB1DB0D6}.Release|Any CPU.Build.0 = Release|Any CPU
		{3685C2B2-4845-4B6B-992C-3F561936960A}.Debug|Any CPU.ActiveCfg = Debug|Any CPU
		{3685C2B2-4845-4B6B-992C-3F561936960A}.Debug|Any CPU.Build.0 = Debug|Any CPU
		{3685C2B2-4845-4B6B-992C-3F561936960A}.Release|Any CPU.ActiveCfg = Release|Any CPU
		{3685C2B2-4845-4B6B-992C-3F561936960A}.Release|Any CPU.Build.0 = Release|Any CPU
		{CB3617CB-CD54-4345-972B-F8B960E46598}.Debug|Any CPU.ActiveCfg = Debug|Any CPU
		{CB3617CB-CD54-4345-972B-F8B960E46598}.Debug|Any CPU.Build.0 = Debug|Any CPU
		{CB3617CB-CD54-4345-972B-F8B960E46598}.Release|Any CPU.ActiveCfg = Release|Any CPU
		{CB3617CB-CD54-4345-972B-F8B960E46598}.Release|Any CPU.Build.0 = Release|Any CPU
		{F0156C25-0ABD-4D58-A3FB-4DAA51C02E95}.Debug|Any CPU.ActiveCfg = Debug|Any CPU
		{F0156C25-0ABD-4D58-A3FB-4DAA51C02E95}.Debug|Any CPU.Build.0 = Debug|Any CPU
		{F0156C25-0ABD-4D58-A3FB-4DAA51C02E95}.Release|Any CPU.ActiveCfg = Release|Any CPU
		{F0156C25-0ABD-4D58-A3FB-4DAA51C02E95}.Release|Any CPU.Build.0 = Release|Any CPU
		{5D1E2E50-FF51-4253-9543-5010857BB70B}.Debug|Any CPU.ActiveCfg = Debug|Any CPU
		{5D1E2E50-FF51-4253-9543-5010857BB70B}.Debug|Any CPU.Build.0 = Debug|Any CPU
		{5D1E2E50-FF51-4253-9543-5010857BB70B}.Release|Any CPU.ActiveCfg = Release|Any CPU
		{5D1E2E50-FF51-4253-9543-5010857BB70B}.Release|Any CPU.Build.0 = Release|Any CPU
		{F27A63D4-B875-41D1-A581-3C2AFBC612FE}.Debug|Any CPU.ActiveCfg = Debug|Any CPU
		{F27A63D4-B875-41D1-A581-3C2AFBC612FE}.Debug|Any CPU.Build.0 = Debug|Any CPU
		{F27A63D4-B875-41D1-A581-3C2AFBC612FE}.Release|Any CPU.ActiveCfg = Release|Any CPU
		{F27A63D4-B875-41D1-A581-3C2AFBC612FE}.Release|Any CPU.Build.0 = Release|Any CPU
		{4DD168E3-B261-4B86-8241-72D6759E887F}.Debug|Any CPU.ActiveCfg = Debug|Any CPU
		{4DD168E3-B261-4B86-8241-72D6759E887F}.Debug|Any CPU.Build.0 = Debug|Any CPU
		{4DD168E3-B261-4B86-8241-72D6759E887F}.Release|Any CPU.ActiveCfg = Release|Any CPU
		{4DD168E3-B261-4B86-8241-72D6759E887F}.Release|Any CPU.Build.0 = Release|Any CPU
		{90FB09EC-2689-4EAD-B2DB-512786BA1D41}.Debug|Any CPU.ActiveCfg = Debug|Any CPU
		{90FB09EC-2689-4EAD-B2DB-512786BA1D41}.Debug|Any CPU.Build.0 = Debug|Any CPU
		{90FB09EC-2689-4EAD-B2DB-512786BA1D41}.Release|Any CPU.ActiveCfg = Release|Any CPU
		{90FB09EC-2689-4EAD-B2DB-512786BA1D41}.Release|Any CPU.Build.0 = Release|Any CPU
		{B6B825FD-01D7-422C-972D-C2B317B9D660}.Debug|Any CPU.ActiveCfg = Debug|Any CPU
		{B6B825FD-01D7-422C-972D-C2B317B9D660}.Debug|Any CPU.Build.0 = Debug|Any CPU
		{B6B825FD-01D7-422C-972D-C2B317B9D660}.Release|Any CPU.ActiveCfg = Release|Any CPU
		{B6B825FD-01D7-422C-972D-C2B317B9D660}.Release|Any CPU.Build.0 = Release|Any CPU
		{94AADD97-2590-4D3F-B017-C47323CE57F0}.Debug|Any CPU.ActiveCfg = Debug|Any CPU
		{94AADD97-2590-4D3F-B017-C47323CE57F0}.Debug|Any CPU.Build.0 = Debug|Any CPU
		{94AADD97-2590-4D3F-B017-C47323CE57F0}.Release|Any CPU.ActiveCfg = Release|Any CPU
		{94AADD97-2590-4D3F-B017-C47323CE57F0}.Release|Any CPU.Build.0 = Release|Any CPU
		{CD14919A-5260-4110-8E96-144ED701DDE3}.Debug|Any CPU.ActiveCfg = Debug|Any CPU
		{CD14919A-5260-4110-8E96-144ED701DDE3}.Debug|Any CPU.Build.0 = Debug|Any CPU
		{CD14919A-5260-4110-8E96-144ED701DDE3}.Release|Any CPU.ActiveCfg = Release|Any CPU
		{CD14919A-5260-4110-8E96-144ED701DDE3}.Release|Any CPU.Build.0 = Release|Any CPU
		{CF1DDE6B-EA58-4F36-BE7A-D44F99B2C0BC}.Debug|Any CPU.ActiveCfg = Debug|Any CPU
		{CF1DDE6B-EA58-4F36-BE7A-D44F99B2C0BC}.Debug|Any CPU.Build.0 = Debug|Any CPU
		{CF1DDE6B-EA58-4F36-BE7A-D44F99B2C0BC}.Release|Any CPU.ActiveCfg = Release|Any CPU
		{CF1DDE6B-EA58-4F36-BE7A-D44F99B2C0BC}.Release|Any CPU.Build.0 = Release|Any CPU
		{BFF13B39-5F4B-46C1-9350-278F6C2469CB}.Debug|Any CPU.ActiveCfg = Debug|Any CPU
		{BFF13B39-5F4B-46C1-9350-278F6C2469CB}.Debug|Any CPU.Build.0 = Debug|Any CPU
		{BFF13B39-5F4B-46C1-9350-278F6C2469CB}.Release|Any CPU.ActiveCfg = Release|Any CPU
		{BFF13B39-5F4B-46C1-9350-278F6C2469CB}.Release|Any CPU.Build.0 = Release|Any CPU
		{53970125-35C0-4C4D-8C20-E4881E290253}.Debug|Any CPU.ActiveCfg = Debug|Any CPU
		{53970125-35C0-4C4D-8C20-E4881E290253}.Debug|Any CPU.Build.0 = Debug|Any CPU
		{53970125-35C0-4C4D-8C20-E4881E290253}.Release|Any CPU.ActiveCfg = Release|Any CPU
		{53970125-35C0-4C4D-8C20-E4881E290253}.Release|Any CPU.Build.0 = Release|Any CPU
		{EEFF4C73-F4CB-4FDD-8015-9A4C54ADDB97}.Debug|Any CPU.ActiveCfg = Debug|Any CPU
		{EEFF4C73-F4CB-4FDD-8015-9A4C54ADDB97}.Debug|Any CPU.Build.0 = Debug|Any CPU
		{EEFF4C73-F4CB-4FDD-8015-9A4C54ADDB97}.Release|Any CPU.ActiveCfg = Release|Any CPU
		{EEFF4C73-F4CB-4FDD-8015-9A4C54ADDB97}.Release|Any CPU.Build.0 = Release|Any CPU
		{1A9C6FEE-466E-4156-9292-DE9D45414ADD}.Debug|Any CPU.ActiveCfg = Debug|Any CPU
		{1A9C6FEE-466E-4156-9292-DE9D45414ADD}.Debug|Any CPU.Build.0 = Debug|Any CPU
		{1A9C6FEE-466E-4156-9292-DE9D45414ADD}.Release|Any CPU.ActiveCfg = Release|Any CPU
		{1A9C6FEE-466E-4156-9292-DE9D45414ADD}.Release|Any CPU.Build.0 = Release|Any CPU
	EndGlobalSection
	GlobalSection(SolutionProperties) = preSolution
		HideSolutionNode = FALSE
	EndGlobalSection
	GlobalSection(ExtensibilityGlobals) = postSolution
		SolutionGuid = {49CE0E10-E689-4C84-B4ED-BC2039AFA370}
	EndGlobalSection
EndGlobal
